
Microsoft Visual Studio Solution File, Format Version 12.00
# Visual Studio 15
VisualStudioVersion = 15.0.27004.2010
MinimumVisualStudioVersion = 10.0.40219.1
Project("{FAE04EC0-301F-11D3-BF4B-00C04F79EFBC}") = "KeepHandsFeet", "KeepHandsFeet.csproj", "{0FE64E9A-217A-4CEE-8C5E-CE6CACB933EC}"
EndProject
Global
	GlobalSection(SolutionConfigurationPlatforms) = preSolution
		Debug|Any CPU = Debug|Any CPU
		Release|Any CPU = Release|Any CPU
	EndGlobalSection
	GlobalSection(ProjectConfigurationPlatforms) = postSolution
		{0FE64E9A-217A-4CEE-8C5E-CE6CACB933EC}.Debug|Any CPU.ActiveCfg = Debug|Any CPU
		{0FE64E9A-217A-4CEE-8C5E-CE6CACB933EC}.Debug|Any CPU.Build.0 = Debug|Any CPU
		{0FE64E9A-217A-4CEE-8C5E-CE6CACB933EC}.Release|Any CPU.ActiveCfg = Release|Any CPU
		{0FE64E9A-217A-4CEE-8C5E-CE6CACB933EC}.Release|Any CPU.Build.0 = Release|Any CPU
	EndGlobalSection
	GlobalSection(SolutionProperties) = preSolution
		HideSolutionNode = FALSE
	EndGlobalSection
	GlobalSection(ExtensibilityGlobals) = postSolution
		SolutionGuid = {EAB7FFC7-D9D6-4E42-91BE-9B040A6675E0}
	EndGlobalSection
EndGlobal
